
Microsoft Visual Studio Solution File, Format Version 12.00
# Visual Studio Version 16
VisualStudioVersion = 16.0.31005.135
MinimumVisualStudioVersion = 10.0.40219.1
Project("{2150E333-8FDC-42A3-9474-1A3956D46DE8}") = "Business", "Business", "{42ECB11D-6C79-468D-9B45-EF77C42E3C08}"
EndProject
Project("{2150E333-8FDC-42A3-9474-1A3956D46DE8}") = "Services", "Services", "{EAD8F974-E606-4E89-9B6B-801183C8E463}"
EndProject
Project("{FAE04EC0-301F-11D3-BF4B-00C04F79EFBC}") = "NWC.DTO", "NWC.DTO\NWC.DTO.csproj", "{664986D0-09C1-4508-811E-623362A95C47}"
EndProject
Project("{FAE04EC0-301F-11D3-BF4B-00C04F79EFBC}") = "NWC.DAL", "NWC.DAL\NWC.DAL.csproj", "{4C4462A1-46DC-45E8-A89C-9E885DCB3667}"
EndProject
Project("{FAE04EC0-301F-11D3-BF4B-00C04F79EFBC}") = "NWC.Scripts", "NWC.Scripts\NWC.Scripts.csproj", "{A28ADF3E-C86F-47CF-B6FF-ECC74DB19CCF}"
EndProject
Project("{FAE04EC0-301F-11D3-BF4B-00C04F79EFBC}") = "NWC.Localization", "NWC.Localization\NWC.Localization.csproj", "{68B007DD-FCA0-440B-80B2-8C3EF430178C}"
EndProject
Project("{FAE04EC0-301F-11D3-BF4B-00C04F79EFBC}") = "NWC.Web", "NWC.Web\NWC.Web.csproj", "{CECB5B44-B80C-4C43-BDEC-292D371A0221}"
EndProject
Project("{2150E333-8FDC-42A3-9474-1A3956D46DE8}") = "Common", "Common", "{2F7938EB-C6C7-4043-8CAF-6E10F130C11C}"
EndProject
Project("{FAE04EC0-301F-11D3-BF4B-00C04F79EFBC}") = "Common.Infrastructure", "Common\Infrastructure\Common.Infrastructure.csproj", "{EE8886EA-48BD-4FC9-A454-49C48D979AD0}"
EndProject
Project("{FAE04EC0-301F-11D3-BF4B-00C04F79EFBC}") = "NWC.Service.Authentication.WebAPI", "Services\NWC.Service.Authentication.WebAPI\NWC.Service.Authentication.WebAPI.csproj", "{F7531B10-7B77-4EFB-A8E3-F95068D0C793}"
EndProject
Project("{FAE04EC0-301F-11D3-BF4B-00C04F79EFBC}") = "NWC.BLL", "Business\NWC.BLL\NWC.BLL.csproj", "{9F8F370F-517D-45B1-B1C2-DAF7AE4F8164}"
EndProject
Project("{FAE04EC0-301F-11D3-BF4B-00C04F79EFBC}") = "NWC.BL.Denormalizer", "Business\NWC.BL.Denormalizer\NWC.BL.Denormalizer.csproj", "{063CEE94-A163-445E-8F62-575219115EAF}"
EndProject
Project("{FAE04EC0-301F-11D3-BF4B-00C04F79EFBC}") = "NWC.Service.Command.WebAPI", "Services\NWC.Service.Command.WebAPI\NWC.Service.Command.WebAPI.csproj", "{B771099D-1053-4E23-B619-7788563F8CA6}"
EndProject
Project("{FAE04EC0-301F-11D3-BF4B-00C04F79EFBC}") = "NWC.Service.Query.WebAPI", "Services\NWC.Service.Query.WebAPI\NWC.Service.Query.WebAPI.csproj", "{FC8DDDBF-FC90-4093-AD89-2BC5C80A798D}"
EndProject
Project("{2150E333-8FDC-42A3-9474-1A3956D46DE8}") = "WinServices", "WinServices", "{E5DADB07-4632-4648-9575-5E68F85B8E9A}"
EndProject
Project("{FAE04EC0-301F-11D3-BF4B-00C04F79EFBC}") = "NWC.AutoAssign.WinService", "WinServices\NWC.AutoAssign.WinService\NWC.AutoAssign.WinService.csproj", "{455B7900-1163-4BBA-B6A7-2F66FED3D478}"
EndProject
Project("{FAE04EC0-301F-11D3-BF4B-00C04F79EFBC}") = "NWC.AutoCancellation.WinService", "WinServices\NWC.AutoCancellation.WinService\NWC.AutoCancellation.WinService.csproj", "{AE190140-6171-4CF0-9EE7-3CCDD4AC2BD5}"
EndProject
Project("{FAE04EC0-301F-11D3-BF4B-00C04F79EFBC}") = "NWC.CancelExceededQuota.WinService", "WinServices\NWC.CancelExceededQuota.WinService\NWC.CancelExceededQuota.WinService.csproj", "{CDBF7902-A9EB-4149-939E-6606230E99AD}"
EndProject
Project("{FAE04EC0-301F-11D3-BF4B-00C04F79EFBC}") = "NWC.DriverSMS.WinService", "WinServices\NWC.DriverSMS.WinService\NWC.DriverSMS.WinService.csproj", "{709FB55B-4779-4C25-8442-6C6BC9128BD3}"
EndProject
Project("{FAE04EC0-301F-11D3-BF4B-00C04F79EFBC}") = "NWC.CustomerSMS.WinService", "WinServices\NWC.CustomerSMS.WinService\NWC.CustomerSMS.WinService.csproj", "{511585FC-9193-4ED8-8906-98B791622B88}"
EndProject
Project("{FAE04EC0-301F-11D3-BF4B-00C04F79EFBC}") = "NWC.HayatUpdateWorkOrderStatus", "WinServices\NWC.HayatUpdateWorkOrderStatus\NWC.HayatUpdateWorkOrderStatus.csproj", "{12435E3E-3FE7-49D7-8595-7FF6243B7C4C}"
EndProject
Project("{FAE04EC0-301F-11D3-BF4B-00C04F79EFBC}") = "NWC.Sewer.WinService", "WinServices\NWC.Sewer.WinService\NWC.Sewer.WinService.csproj", "{924D8449-B7AA-4ABF-8874-EFB2E67B679A}"
EndProject
Project("{9A19103F-16F7-4668-BE54-9A1E7A4F7556}") = "NWC.Service.SignalR", "Services\NWC.Service.SignalR\NWC.Service.SignalR.csproj", "{5774A6EA-E343-4FAD-A750-F35C81AC73EA}"
EndProject
Project("{FAE04EC0-301F-11D3-BF4B-00C04F79EFBC}") = "NWC.AutoLockoutUser.WinService", "NWC.AutoLockoutUser.WinService\NWC.AutoLockoutUser.WinService.csproj", "{011E006C-55BB-4455-8E6D-CCC59BCDDCAB}"
EndProject
Project("{9A19103F-16F7-4668-BE54-9A1E7A4F7556}") = "NWC.Hangfire", "NWC.Hangfire\NWC.Hangfire.csproj", "{A429A6BD-A94D-4801-8A21-8133F866974F}"
EndProject
Project("{FAE04EC0-301F-11D3-BF4B-00C04F79EFBC}") = "NWC.ELM.WinService", "WinServices\NWC.ELM.WinService\NWC.ELM.WinService.csproj", "{7A7A7ACC-E99B-422F-B3D3-7297733C181F}"
EndProject
Global
	GlobalSection(SolutionConfigurationPlatforms) = preSolution
		Debug|Any CPU = Debug|Any CPU
		Release|Any CPU = Release|Any CPU
	EndGlobalSection
	GlobalSection(ProjectConfigurationPlatforms) = postSolution
		{664986D0-09C1-4508-811E-623362A95C47}.Debug|Any CPU.ActiveCfg = Debug|Any CPU
		{664986D0-09C1-4508-811E-623362A95C47}.Debug|Any CPU.Build.0 = Debug|Any CPU
		{664986D0-09C1-4508-811E-623362A95C47}.Release|Any CPU.ActiveCfg = Release|Any CPU
		{664986D0-09C1-4508-811E-623362A95C47}.Release|Any CPU.Build.0 = Release|Any CPU
		{4C4462A1-46DC-45E8-A89C-9E885DCB3667}.Debug|Any CPU.ActiveCfg = Debug|Any CPU
		{4C4462A1-46DC-45E8-A89C-9E885DCB3667}.Debug|Any CPU.Build.0 = Debug|Any CPU
		{4C4462A1-46DC-45E8-A89C-9E885DCB3667}.Release|Any CPU.ActiveCfg = Release|Any CPU
		{4C4462A1-46DC-45E8-A89C-9E885DCB3667}.Release|Any CPU.Build.0 = Release|Any CPU
		{A28ADF3E-C86F-47CF-B6FF-ECC74DB19CCF}.Debug|Any CPU.ActiveCfg = Debug|Any CPU
		{A28ADF3E-C86F-47CF-B6FF-ECC74DB19CCF}.Debug|Any CPU.Build.0 = Debug|Any CPU
		{A28ADF3E-C86F-47CF-B6FF-ECC74DB19CCF}.Release|Any CPU.ActiveCfg = Release|Any CPU
		{A28ADF3E-C86F-47CF-B6FF-ECC74DB19CCF}.Release|Any CPU.Build.0 = Release|Any CPU
		{68B007DD-FCA0-440B-80B2-8C3EF430178C}.Debug|Any CPU.ActiveCfg = Debug|Any CPU
		{68B007DD-FCA0-440B-80B2-8C3EF430178C}.Debug|Any CPU.Build.0 = Debug|Any CPU
		{68B007DD-FCA0-440B-80B2-8C3EF430178C}.Release|Any CPU.ActiveCfg = Release|Any CPU
		{68B007DD-FCA0-440B-80B2-8C3EF430178C}.Release|Any CPU.Build.0 = Release|Any CPU
		{CECB5B44-B80C-4C43-BDEC-292D371A0221}.Debug|Any CPU.ActiveCfg = Debug|Any CPU
		{CECB5B44-B80C-4C43-BDEC-292D371A0221}.Debug|Any CPU.Build.0 = Debug|Any CPU
		{CECB5B44-B80C-4C43-BDEC-292D371A0221}.Release|Any CPU.ActiveCfg = Release|Any CPU
		{CECB5B44-B80C-4C43-BDEC-292D371A0221}.Release|Any CPU.Build.0 = Release|Any CPU
		{EE8886EA-48BD-4FC9-A454-49C48D979AD0}.Debug|Any CPU.ActiveCfg = Debug|Any CPU
		{EE8886EA-48BD-4FC9-A454-49C48D979AD0}.Debug|Any CPU.Build.0 = Debug|Any CPU
		{EE8886EA-48BD-4FC9-A454-49C48D979AD0}.Release|Any CPU.ActiveCfg = Release|Any CPU
		{EE8886EA-48BD-4FC9-A454-49C48D979AD0}.Release|Any CPU.Build.0 = Release|Any CPU
		{F7531B10-7B77-4EFB-A8E3-F95068D0C793}.Debug|Any CPU.ActiveCfg = Debug|Any CPU
		{F7531B10-7B77-4EFB-A8E3-F95068D0C793}.Debug|Any CPU.Build.0 = Debug|Any CPU
		{F7531B10-7B77-4EFB-A8E3-F95068D0C793}.Release|Any CPU.ActiveCfg = Release|Any CPU
		{F7531B10-7B77-4EFB-A8E3-F95068D0C793}.Release|Any CPU.Build.0 = Release|Any CPU
		{9F8F370F-517D-45B1-B1C2-DAF7AE4F8164}.Debug|Any CPU.ActiveCfg = Debug|Any CPU
		{9F8F370F-517D-45B1-B1C2-DAF7AE4F8164}.Debug|Any CPU.Build.0 = Debug|Any CPU
		{9F8F370F-517D-45B1-B1C2-DAF7AE4F8164}.Release|Any CPU.ActiveCfg = Release|Any CPU
		{9F8F370F-517D-45B1-B1C2-DAF7AE4F8164}.Release|Any CPU.Build.0 = Release|Any CPU
		{063CEE94-A163-445E-8F62-575219115EAF}.Debug|Any CPU.ActiveCfg = Debug|Any CPU
		{063CEE94-A163-445E-8F62-575219115EAF}.Debug|Any CPU.Build.0 = Debug|Any CPU
		{063CEE94-A163-445E-8F62-575219115EAF}.Release|Any CPU.ActiveCfg = Release|Any CPU
		{063CEE94-A163-445E-8F62-575219115EAF}.Release|Any CPU.Build.0 = Release|Any CPU
		{B771099D-1053-4E23-B619-7788563F8CA6}.Debug|Any CPU.ActiveCfg = Debug|Any CPU
		{B771099D-1053-4E23-B619-7788563F8CA6}.Debug|Any CPU.Build.0 = Debug|Any CPU
		{B771099D-1053-4E23-B619-7788563F8CA6}.Release|Any CPU.ActiveCfg = Release|Any CPU
		{B771099D-1053-4E23-B619-7788563F8CA6}.Release|Any CPU.Build.0 = Release|Any CPU
		{FC8DDDBF-FC90-4093-AD89-2BC5C80A798D}.Debug|Any CPU.ActiveCfg = Debug|Any CPU
		{FC8DDDBF-FC90-4093-AD89-2BC5C80A798D}.Debug|Any CPU.Build.0 = Debug|Any CPU
		{FC8DDDBF-FC90-4093-AD89-2BC5C80A798D}.Release|Any CPU.ActiveCfg = Release|Any CPU
		{FC8DDDBF-FC90-4093-AD89-2BC5C80A798D}.Release|Any CPU.Build.0 = Release|Any CPU
		{455B7900-1163-4BBA-B6A7-2F66FED3D478}.Debug|Any CPU.ActiveCfg = Debug|Any CPU
		{455B7900-1163-4BBA-B6A7-2F66FED3D478}.Debug|Any CPU.Build.0 = Debug|Any CPU
		{455B7900-1163-4BBA-B6A7-2F66FED3D478}.Release|Any CPU.ActiveCfg = Release|Any CPU
		{455B7900-1163-4BBA-B6A7-2F66FED3D478}.Release|Any CPU.Build.0 = Release|Any CPU
		{AE190140-6171-4CF0-9EE7-3CCDD4AC2BD5}.Debug|Any CPU.ActiveCfg = Debug|Any CPU
		{AE190140-6171-4CF0-9EE7-3CCDD4AC2BD5}.Debug|Any CPU.Build.0 = Debug|Any CPU
		{AE190140-6171-4CF0-9EE7-3CCDD4AC2BD5}.Release|Any CPU.ActiveCfg = Release|Any CPU
		{AE190140-6171-4CF0-9EE7-3CCDD4AC2BD5}.Release|Any CPU.Build.0 = Release|Any CPU
		{CDBF7902-A9EB-4149-939E-6606230E99AD}.Debug|Any CPU.ActiveCfg = Debug|Any CPU
		{CDBF7902-A9EB-4149-939E-6606230E99AD}.Debug|Any CPU.Build.0 = Debug|Any CPU
		{CDBF7902-A9EB-4149-939E-6606230E99AD}.Release|Any CPU.ActiveCfg = Release|Any CPU
		{CDBF7902-A9EB-4149-939E-6606230E99AD}.Release|Any CPU.Build.0 = Release|Any CPU
		{709FB55B-4779-4C25-8442-6C6BC9128BD3}.Debug|Any CPU.ActiveCfg = Debug|Any CPU
		{709FB55B-4779-4C25-8442-6C6BC9128BD3}.Debug|Any CPU.Build.0 = Debug|Any CPU
		{709FB55B-4779-4C25-8442-6C6BC9128BD3}.Release|Any CPU.ActiveCfg = Release|Any CPU
		{709FB55B-4779-4C25-8442-6C6BC9128BD3}.Release|Any CPU.Build.0 = Release|Any CPU
		{511585FC-9193-4ED8-8906-98B791622B88}.Debug|Any CPU.ActiveCfg = Debug|Any CPU
		{511585FC-9193-4ED8-8906-98B791622B88}.Debug|Any CPU.Build.0 = Debug|Any CPU
		{511585FC-9193-4ED8-8906-98B791622B88}.Release|Any CPU.ActiveCfg = Release|Any CPU
		{511585FC-9193-4ED8-8906-98B791622B88}.Release|Any CPU.Build.0 = Release|Any CPU
		{12435E3E-3FE7-49D7-8595-7FF6243B7C4C}.Debug|Any CPU.ActiveCfg = Debug|Any CPU
		{12435E3E-3FE7-49D7-8595-7FF6243B7C4C}.Debug|Any CPU.Build.0 = Debug|Any CPU
		{12435E3E-3FE7-49D7-8595-7FF6243B7C4C}.Release|Any CPU.ActiveCfg = Release|Any CPU
		{12435E3E-3FE7-49D7-8595-7FF6243B7C4C}.Release|Any CPU.Build.0 = Release|Any CPU
		{924D8449-B7AA-4ABF-8874-EFB2E67B679A}.Debug|Any CPU.ActiveCfg = Debug|Any CPU
		{924D8449-B7AA-4ABF-8874-EFB2E67B679A}.Debug|Any CPU.Build.0 = Debug|Any CPU
		{924D8449-B7AA-4ABF-8874-EFB2E67B679A}.Release|Any CPU.ActiveCfg = Release|Any CPU
		{924D8449-B7AA-4ABF-8874-EFB2E67B679A}.Release|Any CPU.Build.0 = Release|Any CPU
		{5774A6EA-E343-4FAD-A750-F35C81AC73EA}.Debug|Any CPU.ActiveCfg = Debug|Any CPU
		{5774A6EA-E343-4FAD-A750-F35C81AC73EA}.Debug|Any CPU.Build.0 = Debug|Any CPU
		{5774A6EA-E343-4FAD-A750-F35C81AC73EA}.Release|Any CPU.ActiveCfg = Release|Any CPU
		{5774A6EA-E343-4FAD-A750-F35C81AC73EA}.Release|Any CPU.Build.0 = Release|Any CPU
		{011E006C-55BB-4455-8E6D-CCC59BCDDCAB}.Debug|Any CPU.ActiveCfg = Debug|Any CPU
		{011E006C-55BB-4455-8E6D-CCC59BCDDCAB}.Debug|Any CPU.Build.0 = Debug|Any CPU
		{011E006C-55BB-4455-8E6D-CCC59BCDDCAB}.Release|Any CPU.ActiveCfg = Release|Any CPU
		{011E006C-55BB-4455-8E6D-CCC59BCDDCAB}.Release|Any CPU.Build.0 = Release|Any CPU
		{A429A6BD-A94D-4801-8A21-8133F866974F}.Debug|Any CPU.ActiveCfg = Debug|Any CPU
		{A429A6BD-A94D-4801-8A21-8133F866974F}.Debug|Any CPU.Build.0 = Debug|Any CPU
		{A429A6BD-A94D-4801-8A21-8133F866974F}.Release|Any CPU.ActiveCfg = Release|Any CPU
		{A429A6BD-A94D-4801-8A21-8133F866974F}.Release|Any CPU.Build.0 = Release|Any CPU
		{7A7A7ACC-E99B-422F-B3D3-7297733C181F}.Debug|Any CPU.ActiveCfg = Debug|Any CPU
		{7A7A7ACC-E99B-422F-B3D3-7297733C181F}.Debug|Any CPU.Build.0 = Debug|Any CPU
		{7A7A7ACC-E99B-422F-B3D3-7297733C181F}.Release|Any CPU.ActiveCfg = Release|Any CPU
		{7A7A7ACC-E99B-422F-B3D3-7297733C181F}.Release|Any CPU.Build.0 = Release|Any CPU
	EndGlobalSection
	GlobalSection(SolutionProperties) = preSolution
		HideSolutionNode = FALSE
	EndGlobalSection
	GlobalSection(NestedProjects) = preSolution
		{EE8886EA-48BD-4FC9-A454-49C48D979AD0} = {2F7938EB-C6C7-4043-8CAF-6E10F130C11C}
		{F7531B10-7B77-4EFB-A8E3-F95068D0C793} = {EAD8F974-E606-4E89-9B6B-801183C8E463}
		{9F8F370F-517D-45B1-B1C2-DAF7AE4F8164} = {42ECB11D-6C79-468D-9B45-EF77C42E3C08}
		{063CEE94-A163-445E-8F62-575219115EAF} = {42ECB11D-6C79-468D-9B45-EF77C42E3C08}
		{B771099D-1053-4E23-B619-7788563F8CA6} = {EAD8F974-E606-4E89-9B6B-801183C8E463}
		{FC8DDDBF-FC90-4093-AD89-2BC5C80A798D} = {EAD8F974-E606-4E89-9B6B-801183C8E463}
		{455B7900-1163-4BBA-B6A7-2F66FED3D478} = {E5DADB07-4632-4648-9575-5E68F85B8E9A}
		{AE190140-6171-4CF0-9EE7-3CCDD4AC2BD5} = {E5DADB07-4632-4648-9575-5E68F85B8E9A}
		{CDBF7902-A9EB-4149-939E-6606230E99AD} = {E5DADB07-4632-4648-9575-5E68F85B8E9A}
		{709FB55B-4779-4C25-8442-6C6BC9128BD3} = {E5DADB07-4632-4648-9575-5E68F85B8E9A}
		{511585FC-9193-4ED8-8906-98B791622B88} = {E5DADB07-4632-4648-9575-5E68F85B8E9A}
		{12435E3E-3FE7-49D7-8595-7FF6243B7C4C} = {E5DADB07-4632-4648-9575-5E68F85B8E9A}
		{924D8449-B7AA-4ABF-8874-EFB2E67B679A} = {E5DADB07-4632-4648-9575-5E68F85B8E9A}
		{5774A6EA-E343-4FAD-A750-F35C81AC73EA} = {EAD8F974-E606-4E89-9B6B-801183C8E463}
		{011E006C-55BB-4455-8E6D-CCC59BCDDCAB} = {E5DADB07-4632-4648-9575-5E68F85B8E9A}
		{7A7A7ACC-E99B-422F-B3D3-7297733C181F} = {E5DADB07-4632-4648-9575-5E68F85B8E9A}
	EndGlobalSection
	GlobalSection(ExtensibilityGlobals) = postSolution
		SolutionGuid = {75E826B8-5C19-41D7-91F4-9743DDAE8C60}
	EndGlobalSection
EndGlobal
