
Microsoft Visual Studio Solution File, Format Version 12.00
# Visual Studio Version 16
VisualStudioVersion = 16.0.31410.357
MinimumVisualStudioVersion = 10.0.40219.1
Project("{FAE04EC0-301F-11D3-BF4B-00C04F79EFBC}") = "FromCCBToNWC.API", "CCB_NWC_Integration\FromCCBToNWC.API.csproj", "{A3958EE7-6666-4F7B-9307-FE30CC2E3271}"
	ProjectSection(ProjectDependencies) = postProject
		{51333337-89B9-4686-8DA2-BF6E96B20D41} = {51333337-89B9-4686-8DA2-BF6E96B20D41}
	EndProjectSection
EndProject
Project("{FAE04EC0-301F-11D3-BF4B-00C04F79EFBC}") = "FromNWCToCCB.API", "NWC_CCB_Integration\FromNWCToCCB.API.csproj", "{49203402-05A7-4851-AE37-3EC04148CA31}"
EndProject
Project("{FAE04EC0-301F-11D3-BF4B-00C04F79EFBC}") = "NWC_CCB.DTO", "DTO\NWC_CCB_Integration.DTO\NWC_CCB.DTO.csproj", "{C8F2CCD4-1169-43E6-B6D0-0733780F2D56}"
EndProject
Project("{FAE04EC0-301F-11D3-BF4B-00C04F79EFBC}") = "NWC_CCB.DAL", "DAL\NWC_CCB_Integration.DAL\NWC_CCB.DAL.csproj", "{A7E0B36B-FD67-4CB6-9839-54C2639D6F89}"
EndProject
Project("{2150E333-8FDC-42A3-9474-1A3956D46DE8}") = "DAL", "DAL", "{8B72C8BA-7E79-4C35-B06A-8E085FEDBFD3}"
EndProject
Project("{2150E333-8FDC-42A3-9474-1A3956D46DE8}") = "DTO", "DTO", "{B174830A-72DD-4648-8BFD-EE914CE60CDE}"
EndProject
Project("{2150E333-8FDC-42A3-9474-1A3956D46DE8}") = "BLL", "BLL", "{4F251ED2-485C-46D8-BF51-9386E6B873A2}"
EndProject
Project("{FAE04EC0-301F-11D3-BF4B-00C04F79EFBC}") = "NWC_CCB.BLL", "BLL\NWC_CCB_Integration.BLL\NWC_CCB.BLL.csproj", "{FA59FD3A-E3B4-4197-AAB8-4BD0AFFE0903}"
EndProject
Project("{2150E333-8FDC-42A3-9474-1A3956D46DE8}") = "WinServices", "WinServices", "{7BAFE624-BDEE-4C81-A9F6-423F1CD1C0BB}"
EndProject
Project("{FAE04EC0-301F-11D3-BF4B-00C04F79EFBC}") = "NWC.Integration.WinService", "WinServices\NWC.Integration.WinService\NWC.Integration.WinService.csproj", "{388F195C-142E-4241-A6FE-F5D751C6A087}"
EndProject
Project("{FAE04EC0-301F-11D3-BF4B-00C04F79EFBC}") = "FromCCBToNWC.WCF", "FromCCBToNWC.WCF\FromCCBToNWC.WCF.csproj", "{51333337-89B9-4686-8DA2-BF6E96B20D41}"
EndProject
Project("{FAE04EC0-301F-11D3-BF4B-00C04F79EFBC}") = "Logger", "Logger\Logger.csproj", "{6A90664A-6B0A-4FFD-AFEE-DF0A3D07A42D}"
EndProject
Project("{FAE04EC0-301F-11D3-BF4B-00C04F79EFBC}") = "Soqya.WCF", "Soqya.WCF\Soqya.WCF.csproj", "{B53775FF-390D-464F-AC2C-41DC76E445AE}"
EndProject
Project("{FAE04EC0-301F-11D3-BF4B-00C04F79EFBC}") = "SoqyaSchedules.WinService", "WinServices\SoqyaSchedules.WinService\SoqyaSchedules.WinService.csproj", "{2494FFF1-0D3F-46A3-8450-5AA03E0ED517}"
EndProject
Project("{FAE04EC0-301F-11D3-BF4B-00C04F79EFBC}") = "ELM_NWC_Integration", "ELM_NWC_Integration\ELM_NWC_Integration.csproj", "{FAB51E82-A691-4322-92D0-215F6BA8797D}"
EndProject
Global
	GlobalSection(SolutionConfigurationPlatforms) = preSolution
		Debug|Any CPU = Debug|Any CPU
		Debug|x64 = Debug|x64
		Release|Any CPU = Release|Any CPU
		Release|x64 = Release|x64
	EndGlobalSection
	GlobalSection(ProjectConfigurationPlatforms) = postSolution
		{A3958EE7-6666-4F7B-9307-FE30CC2E3271}.Debug|Any CPU.ActiveCfg = Debug|Any CPU
		{A3958EE7-6666-4F7B-9307-FE30CC2E3271}.Debug|Any CPU.Build.0 = Debug|Any CPU
		{A3958EE7-6666-4F7B-9307-FE30CC2E3271}.Debug|x64.ActiveCfg = Debug|Any CPU
		{A3958EE7-6666-4F7B-9307-FE30CC2E3271}.Debug|x64.Build.0 = Debug|Any CPU
		{A3958EE7-6666-4F7B-9307-FE30CC2E3271}.Release|Any CPU.ActiveCfg = Release|Any CPU
		{A3958EE7-6666-4F7B-9307-FE30CC2E3271}.Release|Any CPU.Build.0 = Release|Any CPU
		{A3958EE7-6666-4F7B-9307-FE30CC2E3271}.Release|x64.ActiveCfg = Release|Any CPU
		{A3958EE7-6666-4F7B-9307-FE30CC2E3271}.Release|x64.Build.0 = Release|Any CPU
		{49203402-05A7-4851-AE37-3EC04148CA31}.Debug|Any CPU.ActiveCfg = Debug|Any CPU
		{49203402-05A7-4851-AE37-3EC04148CA31}.Debug|Any CPU.Build.0 = Debug|Any CPU
		{49203402-05A7-4851-AE37-3EC04148CA31}.Debug|x64.ActiveCfg = Debug|Any CPU
		{49203402-05A7-4851-AE37-3EC04148CA31}.Debug|x64.Build.0 = Debug|Any CPU
		{49203402-05A7-4851-AE37-3EC04148CA31}.Release|Any CPU.ActiveCfg = Release|Any CPU
		{49203402-05A7-4851-AE37-3EC04148CA31}.Release|Any CPU.Build.0 = Release|Any CPU
		{49203402-05A7-4851-AE37-3EC04148CA31}.Release|x64.ActiveCfg = Release|Any CPU
		{49203402-05A7-4851-AE37-3EC04148CA31}.Release|x64.Build.0 = Release|Any CPU
		{C8F2CCD4-1169-43E6-B6D0-0733780F2D56}.Debug|Any CPU.ActiveCfg = Debug|Any CPU
		{C8F2CCD4-1169-43E6-B6D0-0733780F2D56}.Debug|Any CPU.Build.0 = Debug|Any CPU
		{C8F2CCD4-1169-43E6-B6D0-0733780F2D56}.Debug|x64.ActiveCfg = Debug|Any CPU
		{C8F2CCD4-1169-43E6-B6D0-0733780F2D56}.Debug|x64.Build.0 = Debug|Any CPU
		{C8F2CCD4-1169-43E6-B6D0-0733780F2D56}.Release|Any CPU.ActiveCfg = Release|Any CPU
		{C8F2CCD4-1169-43E6-B6D0-0733780F2D56}.Release|Any CPU.Build.0 = Release|Any CPU
		{C8F2CCD4-1169-43E6-B6D0-0733780F2D56}.Release|x64.ActiveCfg = Release|Any CPU
		{C8F2CCD4-1169-43E6-B6D0-0733780F2D56}.Release|x64.Build.0 = Release|Any CPU
		{A7E0B36B-FD67-4CB6-9839-54C2639D6F89}.Debug|Any CPU.ActiveCfg = Debug|Any CPU
		{A7E0B36B-FD67-4CB6-9839-54C2639D6F89}.Debug|Any CPU.Build.0 = Debug|Any CPU
		{A7E0B36B-FD67-4CB6-9839-54C2639D6F89}.Debug|x64.ActiveCfg = Debug|Any CPU
		{A7E0B36B-FD67-4CB6-9839-54C2639D6F89}.Debug|x64.Build.0 = Debug|Any CPU
		{A7E0B36B-FD67-4CB6-9839-54C2639D6F89}.Release|Any CPU.ActiveCfg = Release|Any CPU
		{A7E0B36B-FD67-4CB6-9839-54C2639D6F89}.Release|Any CPU.Build.0 = Release|Any CPU
		{A7E0B36B-FD67-4CB6-9839-54C2639D6F89}.Release|x64.ActiveCfg = Release|Any CPU
		{A7E0B36B-FD67-4CB6-9839-54C2639D6F89}.Release|x64.Build.0 = Release|Any CPU
		{FA59FD3A-E3B4-4197-AAB8-4BD0AFFE0903}.Debug|Any CPU.ActiveCfg = Debug|Any CPU
		{FA59FD3A-E3B4-4197-AAB8-4BD0AFFE0903}.Debug|Any CPU.Build.0 = Debug|Any CPU
		{FA59FD3A-E3B4-4197-AAB8-4BD0AFFE0903}.Debug|x64.ActiveCfg = Debug|Any CPU
		{FA59FD3A-E3B4-4197-AAB8-4BD0AFFE0903}.Debug|x64.Build.0 = Debug|Any CPU
		{FA59FD3A-E3B4-4197-AAB8-4BD0AFFE0903}.Release|Any CPU.ActiveCfg = Release|Any CPU
		{FA59FD3A-E3B4-4197-AAB8-4BD0AFFE0903}.Release|Any CPU.Build.0 = Release|Any CPU
		{FA59FD3A-E3B4-4197-AAB8-4BD0AFFE0903}.Release|x64.ActiveCfg = Release|Any CPU
		{FA59FD3A-E3B4-4197-AAB8-4BD0AFFE0903}.Release|x64.Build.0 = Release|Any CPU
		{388F195C-142E-4241-A6FE-F5D751C6A087}.Debug|Any CPU.ActiveCfg = Debug|Any CPU
		{388F195C-142E-4241-A6FE-F5D751C6A087}.Debug|Any CPU.Build.0 = Debug|Any CPU
		{388F195C-142E-4241-A6FE-F5D751C6A087}.Debug|x64.ActiveCfg = Debug|Any CPU
		{388F195C-142E-4241-A6FE-F5D751C6A087}.Debug|x64.Build.0 = Debug|Any CPU
		{388F195C-142E-4241-A6FE-F5D751C6A087}.Release|Any CPU.ActiveCfg = Release|Any CPU
		{388F195C-142E-4241-A6FE-F5D751C6A087}.Release|Any CPU.Build.0 = Release|Any CPU
		{388F195C-142E-4241-A6FE-F5D751C6A087}.Release|x64.ActiveCfg = Release|Any CPU
		{388F195C-142E-4241-A6FE-F5D751C6A087}.Release|x64.Build.0 = Release|Any CPU
		{51333337-89B9-4686-8DA2-BF6E96B20D41}.Debug|Any CPU.ActiveCfg = Debug|Any CPU
		{51333337-89B9-4686-8DA2-BF6E96B20D41}.Debug|Any CPU.Build.0 = Debug|Any CPU
		{51333337-89B9-4686-8DA2-BF6E96B20D41}.Debug|x64.ActiveCfg = Debug|Any CPU
		{51333337-89B9-4686-8DA2-BF6E96B20D41}.Debug|x64.Build.0 = Debug|Any CPU
		{51333337-89B9-4686-8DA2-BF6E96B20D41}.Release|Any CPU.ActiveCfg = Release|Any CPU
		{51333337-89B9-4686-8DA2-BF6E96B20D41}.Release|Any CPU.Build.0 = Release|Any CPU
		{51333337-89B9-4686-8DA2-BF6E96B20D41}.Release|x64.ActiveCfg = Release|Any CPU
		{51333337-89B9-4686-8DA2-BF6E96B20D41}.Release|x64.Build.0 = Release|Any CPU
		{6A90664A-6B0A-4FFD-AFEE-DF0A3D07A42D}.Debug|Any CPU.ActiveCfg = Debug|Any CPU
		{6A90664A-6B0A-4FFD-AFEE-DF0A3D07A42D}.Debug|Any CPU.Build.0 = Debug|Any CPU
		{6A90664A-6B0A-4FFD-AFEE-DF0A3D07A42D}.Debug|x64.ActiveCfg = Debug|x64
		{6A90664A-6B0A-4FFD-AFEE-DF0A3D07A42D}.Debug|x64.Build.0 = Debug|x64
		{6A90664A-6B0A-4FFD-AFEE-DF0A3D07A42D}.Release|Any CPU.ActiveCfg = Release|Any CPU
		{6A90664A-6B0A-4FFD-AFEE-DF0A3D07A42D}.Release|Any CPU.Build.0 = Release|Any CPU
		{6A90664A-6B0A-4FFD-AFEE-DF0A3D07A42D}.Release|x64.ActiveCfg = Release|x64
		{6A90664A-6B0A-4FFD-AFEE-DF0A3D07A42D}.Release|x64.Build.0 = Release|x64
		{B53775FF-390D-464F-AC2C-41DC76E445AE}.Debug|Any CPU.ActiveCfg = Debug|Any CPU
		{B53775FF-390D-464F-AC2C-41DC76E445AE}.Debug|Any CPU.Build.0 = Debug|Any CPU
		{B53775FF-390D-464F-AC2C-41DC76E445AE}.Debug|x64.ActiveCfg = Debug|Any CPU
		{B53775FF-390D-464F-AC2C-41DC76E445AE}.Debug|x64.Build.0 = Debug|Any CPU
		{B53775FF-390D-464F-AC2C-41DC76E445AE}.Release|Any CPU.ActiveCfg = Release|Any CPU
		{B53775FF-390D-464F-AC2C-41DC76E445AE}.Release|Any CPU.Build.0 = Release|Any CPU
		{B53775FF-390D-464F-AC2C-41DC76E445AE}.Release|x64.ActiveCfg = Release|Any CPU
		{B53775FF-390D-464F-AC2C-41DC76E445AE}.Release|x64.Build.0 = Release|Any CPU
		{2494FFF1-0D3F-46A3-8450-5AA03E0ED517}.Debug|Any CPU.ActiveCfg = Debug|Any CPU
		{2494FFF1-0D3F-46A3-8450-5AA03E0ED517}.Debug|Any CPU.Build.0 = Debug|Any CPU
		{2494FFF1-0D3F-46A3-8450-5AA03E0ED517}.Debug|x64.ActiveCfg = Debug|Any CPU
		{2494FFF1-0D3F-46A3-8450-5AA03E0ED517}.Debug|x64.Build.0 = Debug|Any CPU
		{2494FFF1-0D3F-46A3-8450-5AA03E0ED517}.Release|Any CPU.ActiveCfg = Release|Any CPU
		{2494FFF1-0D3F-46A3-8450-5AA03E0ED517}.Release|Any CPU.Build.0 = Release|Any CPU
		{2494FFF1-0D3F-46A3-8450-5AA03E0ED517}.Release|x64.ActiveCfg = Release|Any CPU
		{2494FFF1-0D3F-46A3-8450-5AA03E0ED517}.Release|x64.Build.0 = Release|Any CPU
		{FAB51E82-A691-4322-92D0-215F6BA8797D}.Debug|Any CPU.ActiveCfg = Debug|Any CPU
		{FAB51E82-A691-4322-92D0-215F6BA8797D}.Debug|Any CPU.Build.0 = Debug|Any CPU
		{FAB51E82-A691-4322-92D0-215F6BA8797D}.Debug|x64.ActiveCfg = Debug|Any CPU
		{FAB51E82-A691-4322-92D0-215F6BA8797D}.Debug|x64.Build.0 = Debug|Any CPU
		{FAB51E82-A691-4322-92D0-215F6BA8797D}.Release|Any CPU.ActiveCfg = Release|Any CPU
		{FAB51E82-A691-4322-92D0-215F6BA8797D}.Release|Any CPU.Build.0 = Release|Any CPU
		{FAB51E82-A691-4322-92D0-215F6BA8797D}.Release|x64.ActiveCfg = Release|Any CPU
		{FAB51E82-A691-4322-92D0-215F6BA8797D}.Release|x64.Build.0 = Release|Any CPU
	EndGlobalSection
	GlobalSection(SolutionProperties) = preSolution
		HideSolutionNode = FALSE
	EndGlobalSection
	GlobalSection(NestedProjects) = preSolution
		{C8F2CCD4-1169-43E6-B6D0-0733780F2D56} = {B174830A-72DD-4648-8BFD-EE914CE60CDE}
		{A7E0B36B-FD67-4CB6-9839-54C2639D6F89} = {8B72C8BA-7E79-4C35-B06A-8E085FEDBFD3}
		{FA59FD3A-E3B4-4197-AAB8-4BD0AFFE0903} = {4F251ED2-485C-46D8-BF51-9386E6B873A2}
		{388F195C-142E-4241-A6FE-F5D751C6A087} = {7BAFE624-BDEE-4C81-A9F6-423F1CD1C0BB}
		{2494FFF1-0D3F-46A3-8450-5AA03E0ED517} = {7BAFE624-BDEE-4C81-A9F6-423F1CD1C0BB}
	EndGlobalSection
	GlobalSection(ExtensibilityGlobals) = postSolution
		SolutionGuid = {C5FF089E-9488-4E4A-A4CB-BBC6BD400E39}
	EndGlobalSection
EndGlobal
